
Microsoft Visual Studio Solution File, Format Version 12.00
# Visual Studio Version 17
VisualStudioVersion = 17.11.35312.102
MinimumVisualStudioVersion = 10.0.40219.1
Project("{8BC9CEB8-8B4A-11D0-8D11-00A0C91BC942}") = "Zad 2.0 - dodatkowe", "Zad 2.0 - dodatkowe\Zad 2.0 - dodatkowe.vcxproj", "{9E2983E6-DCE1-4D10-8BBD-0B1CF5BF91CC}"
EndProject
Global
	GlobalSection(SolutionConfigurationPlatforms) = preSolution
		Debug|x64 = Debug|x64
		Debug|x86 = Debug|x86
		Release|x64 = Release|x64
		Release|x86 = Release|x86
	EndGlobalSection
	GlobalSection(ProjectConfigurationPlatforms) = postSolution
		{9E2983E6-DCE1-4D10-8BBD-0B1CF5BF91CC}.Debug|x64.ActiveCfg = Debug|x64
		{9E2983E6-DCE1-4D10-8BBD-0B1CF5BF91CC}.Debug|x64.Build.0 = Debug|x64
		{9E2983E6-DCE1-4D10-8BBD-0B1CF5BF91CC}.Debug|x86.ActiveCfg = Debug|Win32
		{9E2983E6-DCE1-4D10-8BBD-0B1CF5BF91CC}.Debug|x86.Build.0 = Debug|Win32
		{9E2983E6-DCE1-4D10-8BBD-0B1CF5BF91CC}.Release|x64.ActiveCfg = Release|x64
		{9E2983E6-DCE1-4D10-8BBD-0B1CF5BF91CC}.Release|x64.Build.0 = Release|x64
		{9E2983E6-DCE1-4D10-8BBD-0B1CF5BF91CC}.Release|x86.ActiveCfg = Release|Win32
		{9E2983E6-DCE1-4D10-8BBD-0B1CF5BF91CC}.Release|x86.Build.0 = Release|Win32
	EndGlobalSection
	GlobalSection(SolutionProperties) = preSolution
		HideSolutionNode = FALSE
	EndGlobalSection
	GlobalSection(ExtensibilityGlobals) = postSolution
		SolutionGuid = {7043E812-D150-481C-A1CC-FCE43B6479B4}
	EndGlobalSection
EndGlobal
